
Microsoft Visual Studio Solution File, Format Version 12.00
# Visual Studio 15
VisualStudioVersion = 15.0.28010.2003
MinimumVisualStudioVersion = 10.0.40219.1
Project("{FAE04EC0-301F-11D3-BF4B-00C04F79EFBC}") = "ConsoleApplication1", "ConsoleApplication1\ConsoleApplication1.csproj", "{259ECF20-A74B-4551-9CC9-197369FB4EBA}"
EndProject
Project("{FAE04EC0-301F-11D3-BF4B-00C04F79EFBC}") = "IniFileLib", "ClassLibrary1\IniFileLib.csproj", "{B807ADF5-A3A5-4A0F-9AAA-F4EE1E27F558}"
EndProject
Global
	GlobalSection(SolutionConfigurationPlatforms) = preSolution
		Debug|Any CPU = Debug|Any CPU
		Release|Any CPU = Release|Any CPU
	EndGlobalSection
	GlobalSection(ProjectConfigurationPlatforms) = postSolution
		{259ECF20-A74B-4551-9CC9-197369FB4EBA}.Debug|Any CPU.ActiveCfg = Debug|Any CPU
		{259ECF20-A74B-4551-9CC9-197369FB4EBA}.Debug|Any CPU.Build.0 = Debug|Any CPU
		{259ECF20-A74B-4551-9CC9-197369FB4EBA}.Release|Any CPU.ActiveCfg = Release|Any CPU
		{259ECF20-A74B-4551-9CC9-197369FB4EBA}.Release|Any CPU.Build.0 = Release|Any CPU
		{B807ADF5-A3A5-4A0F-9AAA-F4EE1E27F558}.Debug|Any CPU.ActiveCfg = Debug|Any CPU
		{B807ADF5-A3A5-4A0F-9AAA-F4EE1E27F558}.Debug|Any CPU.Build.0 = Debug|Any CPU
		{B807ADF5-A3A5-4A0F-9AAA-F4EE1E27F558}.Release|Any CPU.ActiveCfg = Release|Any CPU
		{B807ADF5-A3A5-4A0F-9AAA-F4EE1E27F558}.Release|Any CPU.Build.0 = Release|Any CPU
	EndGlobalSection
	GlobalSection(SolutionProperties) = preSolution
		HideSolutionNode = FALSE
	EndGlobalSection
	GlobalSection(ExtensibilityGlobals) = postSolution
		SolutionGuid = {041F2983-AC2E-4873-BE82-2E28CF151845}
	EndGlobalSection
EndGlobal
